<Solution>
  <Project Path="ConvertisseurImage/ConvertisseurImage.csproj" Id="6024678a-6f27-4ae8-b986-4e07ed0e2c9a" />
  <Project Path="Distributor/Distributor.csproj" />
  <Project Path="FileConverter/FileConverter.csproj" Id="42522ecf-980f-45ef-9b47-f4afa270730c" />
  <Project Path="FirstProject/FirstProject.csproj" />
  <Project Path="Playground/Playground.csproj" />
</Solution>
